dependencies:
- name: common
  repository: https://nimbushubin.github.io/helmcharts
  version: 0.1.0
- name: redis
  repository: https://charts.bitnami.com/bitnami
  version: 18.1.1
- name: kafka
  repository: oci://registry-1.docker.io/bitnamicharts
  version: 32.2.15
- name: yugabyte
  repository: https://charts.yugabyte.com
  version: 2025.2.0
- name: opensearch
  repository: https://opensearch-project.github.io/helm-charts
  version: 2.37.0
digest: sha256:a216ce21760f217c544dd5a23de91c533a13e610bced5ea9976ef7e62658f33c
generated: "2026-04-27T12:38:53.885171+05:30"
