dependencies:
- name: common
  repository: https://nimbushubin.github.io/helmcharts
  version: 0.1.0
- name: redis
  repository: https://charts.bitnami.com/bitnami
  version: 17.8.3
- name: kafka
  repository: ""
  version: 32.2.15
- name: yugabyte
  repository: https://charts.yugabyte.com
  version: 2025.2.0
- name: router
  repository: ""
  version: 0.1.0
- name: nginx-private-ingress
  repository: ""
  version: 0.1.0
- name: nginx-public-ingress
  repository: ""
  version: 0.1.0
- name: echo
  repository: ""
  version: 0.1.0
- name: player
  repository: ""
  version: 0.1.0
- name: kong
  repository: ""
  version: 0.1.0
- name: kong-apis
  repository: ""
  version: 0.1.0
- name: kong-consumers
  repository: ""
  version: 0.1.0
- name: knowledgemw
  repository: ""
  version: 0.1.0
- name: secor
  repository: ""
  version: 0.1.0
digest: sha256:06d5e52d6af5c6a5cc812c8487b55f18758d8c9c0b7c6031fbd44992281a50d9
generated: "2026-04-22T12:49:53.864916621+05:30"
