dependencies:
- name: common
  repository: https://nimbushubin.github.io/helmcharts
  version: 0.1.0
- name: redis
  repository: https://charts.bitnami.com/bitnami
  version: 17.8.3
- name: kafka
  repository: oci://registry-1.docker.io/bitnamicharts
  version: 32.2.15
- name: yugabyte
  repository: https://charts.yugabyte.com
  version: 2025.2.0
- name: janusgraph
  repository: ""
  version: 1.4.10
- name: opensearch
  repository: https://opensearch-project.github.io/helm-charts
  version: 2.37.0
digest: sha256:08764e0e31e0c29bb30369875065e8da9c50510865b3f1a6117020a4d69a3440
generated: "2026-04-27T12:39:33.544316+05:30"
