dependencies:
- name: common
  repository: https://nimbushubin.github.io/helmcharts
  version: 0.1.0
- name: redis
  repository: https://charts.bitnami.com/bitnami
  version: 17.8.3
- name: elasticsearch
  repository: https://charts.bitnami.com/bitnami
  version: 19.5.14
- name: kafka
  repository: oci://registry-1.docker.io/bitnamicharts
  version: 32.2.15
- name: yugabyte
  repository: https://charts.yugabyte.com
  version: 2025.2.0
- name: janusgraph
  repository: ""
  version: 1.4.10
digest: sha256:37f618d54d3c94f0fe9c2c81c313637989afc291b3635a13b469a51174bc4335
generated: "2026-02-24T13:02:39.541458418+05:30"
